// !$*UTF8*$!
{
	archiveVersion = 1;
	classes = {
	};
	objectVersion = 77;
	objects = {

/* Begin PBXBuildFile section */
		FEA74D7D2D5835300052C32D /* RecipeViewModelTests.swift in Sources */ = {isa = PBXBuildFile; fileRef = FEA74D7C2D5835220052C32D /* RecipeViewModelTests.swift */; };
		FEA74D812D592B480052C32D /* image.jpg in Resources */ = {isa = PBXBuildFile; fileRef = FEA74D802D592B470052C32D /* image.jpg */; };
		FEE1B54C2D56DC9300ABFA0C /* Preview Assets.xcassets in Resources */ = {isa = PBXBuildFile; fileRef = FEE1B53F2D56DC9300ABFA0C /* Preview Assets.xcassets */; };
		FEE1B54D2D56DC9300ABFA0C /* Assets.xcassets in Resources */ = {isa = PBXBuildFile; fileRef = FEE1B5492D56DC9300ABFA0C /* Assets.xcassets */; };
		FEE1B54E2D56DC9300ABFA0C /* APIError.swift in Sources */ = {isa = PBXBuildFile; fileRef = FEE1B5372D56DC9300ABFA0C /* APIError.swift */; };
		FEE1B54F2D56DC9300ABFA0C /* APIService.swift in Sources */ = {isa = PBXBuildFile; fileRef = FEE1B5382D56DC9300ABFA0C /* APIService.swift */; };
		FEE1B5502D56DC9300ABFA0C /* Recipes.swift in Sources */ = {isa = PBXBuildFile; fileRef = FEE1B53A2D56DC9300ABFA0C /* Recipes.swift */; };
		FEE1B5512D56DC9300ABFA0C /* Constant.swift in Sources */ = {isa = PBXBuildFile; fileRef = FEE1B53C2D56DC9300ABFA0C /* Constant.swift */; };
		FEE1B5522D56DC9300ABFA0C /* Extensions.swift in Sources */ = {isa = PBXBuildFile; fileRef = FEE1B53D2D56DC9300ABFA0C /* Extensions.swift */; };
		FEE1B5532D56DC9300ABFA0C /* ImageCache.swift in Sources */ = {isa = PBXBuildFile; fileRef = FEE1B5412D56DC9300ABFA0C /* ImageCache.swift */; };
		FEE1B5542D56DC9300ABFA0C /* RecipesListView.swift in Sources */ = {isa = PBXBuildFile; fileRef = FEE1B5432D56DC9300ABFA0C /* RecipesListView.swift */; };
		FEE1B5552D56DC9300ABFA0C /* RecipeView.swift in Sources */ = {isa = PBXBuildFile; fileRef = FEE1B5442D56DC9300ABFA0C /* RecipeView.swift */; };
		FEE1B5562D56DC9300ABFA0C /* RecipesListViewModel.swift in Sources */ = {isa = PBXBuildFile; fileRef = FEE1B5462D56DC9300ABFA0C /* RecipesListViewModel.swift */; };
		FEE1B5572D56DC9300ABFA0C /* RecipeViewModel.swift in Sources */ = {isa = PBXBuildFile; fileRef = FEE1B5472D56DC9300ABFA0C /* RecipeViewModel.swift */; };
		FEE1B5582D56DC9300ABFA0C /* FetchRecipesApp.swift in Sources */ = {isa = PBXBuildFile; fileRef = FEE1B54A2D56DC9300ABFA0C /* FetchRecipesApp.swift */; };
		FEE1B5622D56E63500ABFA0C /* RecipeService.swift in Sources */ = {isa = PBXBuildFile; fileRef = FEE1B5612D56E62B00ABFA0C /* RecipeService.swift */; };
		FEE1B5662D57C1D200ABFA0C /* MockRecipeService.swift in Sources */ = {isa = PBXBuildFile; fileRef = FEE1B5652D57C1C100ABFA0C /* MockRecipeService.swift */; };
		FEE1B56B2D57C3FD00ABFA0C /* RecipesListViewModelTests.swift in Sources */ = {isa = PBXBuildFile; fileRef = FEE1B56A2D57C3EB00ABFA0C /* RecipesListViewModelTests.swift */; };
		FEE1B5732D57EC8F00ABFA0C /* Recipes.json in Resources */ = {isa = PBXBuildFile; fileRef = FEE1B5702D57EC8F00ABFA0C /* Recipes.json */; };
		FEE1B5742D57EC8F00ABFA0C /* Recipes-Empty.json in Resources */ = {isa = PBXBuildFile; fileRef = FEE1B5712D57EC8F00ABFA0C /* Recipes-Empty.json */; };
		FEE1B5752D57EC8F00ABFA0C /* Recipes-Malformed.json in Resources */ = {isa = PBXBuildFile; fileRef = FEE1B5722D57EC8F00ABFA0C /* Recipes-Malformed.json */; };
		FEE1B5772D58096100ABFA0C /* Recipes.json in Resources */ = {isa = PBXBuildFile; fileRef = FEE1B5762D58096100ABFA0C /* Recipes.json */; };
/* End PBXBuildFile section */

/* Begin PBXContainerItemProxy section */
		FEE1B47D2D543EB100ABFA0C /* PBXContainerItemProxy */ = {
			isa = PBXContainerItemProxy;
			containerPortal = FEE1B4642D543EAF00ABFA0C /* Project object */;
			proxyType = 1;
			remoteGlobalIDString = FEE1B46B2D543EAF00ABFA0C;
			remoteInfo = FetchRecipes;
		};
/* End PBXContainerItemProxy section */

/* Begin PBXFileReference section */
		FEA74D7C2D5835220052C32D /* RecipeViewModelTests.swift */ = {isa = PBXFileReference; lastKnownFileType = sourcecode.swift; path = RecipeViewModelTests.swift; sourceTree = "<group>"; };
		FEA74D7E2D584BBE0052C32D /* Info.plist */ = {isa = PBXFileReference; lastKnownFileType = text.plist; path = Info.plist; sourceTree = "<group>"; };
		FEA74D802D592B470052C32D /* image.jpg */ = {isa = PBXFileReference; lastKnownFileType = image.jpeg; path = image.jpg; sourceTree = "<group>"; };
		FEE1B46C2D543EAF00ABFA0C /* FetchRecipes.app */ = {isa = PBXFileReference; explicitFileType = wrapper.application; includeInIndex = 0; path = FetchRecipes.app; sourceTree = BUILT_PRODUCTS_DIR; };
		FEE1B47C2D543EB100ABFA0C /* FetchRecipesTests.xctest */ = {isa = PBXFileReference; explicitFileType = wrapper.cfbundle; includeInIndex = 0; path = FetchRecipesTests.xctest; sourceTree = BUILT_PRODUCTS_DIR; };
		FEE1B5372D56DC9300ABFA0C /* APIError.swift */ = {isa = PBXFileReference; lastKnownFileType = sourcecode.swift; path = APIError.swift; sourceTree = "<group>"; };
		FEE1B5382D56DC9300ABFA0C /* APIService.swift */ = {isa = PBXFileReference; lastKnownFileType = sourcecode.swift; path = APIService.swift; sourceTree = "<group>"; };
		FEE1B53A2D56DC9300ABFA0C /* Recipes.swift */ = {isa = PBXFileReference; lastKnownFileType = sourcecode.swift; path = Recipes.swift; sourceTree = "<group>"; };
		FEE1B53C2D56DC9300ABFA0C /* Constant.swift */ = {isa = PBXFileReference; lastKnownFileType = sourcecode.swift; path = Constant.swift; sourceTree = "<group>"; };
		FEE1B53D2D56DC9300ABFA0C /* Extensions.swift */ = {isa = PBXFileReference; lastKnownFileType = sourcecode.swift; path = Extensions.swift; sourceTree = "<group>"; };
		FEE1B53F2D56DC9300ABFA0C /* Preview Assets.xcassets */ = {isa = PBXFileReference; lastKnownFileType = folder.assetcatalog; path = "Preview Assets.xcassets"; sourceTree = "<group>"; };
		FEE1B5412D56DC9300ABFA0C /* ImageCache.swift */ = {isa = PBXFileReference; lastKnownFileType = sourcecode.swift; path = ImageCache.swift; sourceTree = "<group>"; };
		FEE1B5432D56DC9300ABFA0C /* RecipesListView.swift */ = {isa = PBXFileReference; lastKnownFileType = sourcecode.swift; path = RecipesListView.swift; sourceTree = "<group>"; };
		FEE1B5442D56DC9300ABFA0C /* RecipeView.swift */ = {isa = PBXFileReference; lastKnownFileType = sourcecode.swift; path = RecipeView.swift; sourceTree = "<group>"; };
		FEE1B5462D56DC9300ABFA0C /* RecipesListViewModel.swift */ = {isa = PBXFileReference; lastKnownFileType = sourcecode.swift; path = RecipesListViewModel.swift; sourceTree = "<group>"; };
		FEE1B5472D56DC9300ABFA0C /* RecipeViewModel.swift */ = {isa = PBXFileReference; lastKnownFileType = sourcecode.swift; path = RecipeViewModel.swift; sourceTree = "<group>"; };
		FEE1B5492D56DC9300ABFA0C /* Assets.xcassets */ = {isa = PBXFileReference; lastKnownFileType = folder.assetcatalog; path = Assets.xcassets; sourceTree = "<group>"; };
		FEE1B54A2D56DC9300ABFA0C /* FetchRecipesApp.swift */ = {isa = PBXFileReference; lastKnownFileType = sourcecode.swift; path = FetchRecipesApp.swift; sourceTree = "<group>"; };
		FEE1B5612D56E62B00ABFA0C /* RecipeService.swift */ = {isa = PBXFileReference; lastKnownFileType = sourcecode.swift; path = RecipeService.swift; sourceTree = "<group>"; };
		FEE1B5652D57C1C100ABFA0C /* MockRecipeService.swift */ = {isa = PBXFileReference; lastKnownFileType = sourcecode.swift; path = MockRecipeService.swift; sourceTree = "<group>"; };
		FEE1B56A2D57C3EB00ABFA0C /* RecipesListViewModelTests.swift */ = {isa = PBXFileReference; lastKnownFileType = sourcecode.swift; path = RecipesListViewModelTests.swift; sourceTree = "<group>"; };
		FEE1B5702D57EC8F00ABFA0C /* Recipes.json */ = {isa = PBXFileReference; lastKnownFileType = text.json; path = Recipes.json; sourceTree = "<group>"; };
		FEE1B5712D57EC8F00ABFA0C /* Recipes-Empty.json */ = {isa = PBXFileReference; lastKnownFileType = text.json; path = "Recipes-Empty.json"; sourceTree = "<group>"; };
		FEE1B5722D57EC8F00ABFA0C /* Recipes-Malformed.json */ = {isa = PBXFileReference; lastKnownFileType = text.json; path = "Recipes-Malformed.json"; sourceTree = "<group>"; };
		FEE1B5762D58096100ABFA0C /* Recipes.json */ = {isa = PBXFileReference; lastKnownFileType = text.json; path = Recipes.json; sourceTree = "<group>"; };
/* End PBXFileReference section */

/* Begin PBXFrameworksBuildPhase section */
		FEE1B4692D543EAF00ABFA0C /* Frameworks */ = {
			isa = PBXFrameworksBuildPhase;
			buildActionMask = 2147483647;
			files = (
			);
			runOnlyForDeploymentPostprocessing = 0;
		};
		FEE1B4792D543EB100ABFA0C /* Frameworks */ = {
			isa = PBXFrameworksBuildPhase;
			buildActionMask = 2147483647;
			files = (
			);
			runOnlyForDeploymentPostprocessing = 0;
		};
/* End PBXFrameworksBuildPhase section */

/* Begin PBXGroup section */
		FEA74D7B2D5834AF0052C32D /* JSON */ = {
			isa = PBXGroup;
			children = (
				FEE1B5702D57EC8F00ABFA0C /* Recipes.json */,
				FEE1B5712D57EC8F00ABFA0C /* Recipes-Empty.json */,
				FEE1B5722D57EC8F00ABFA0C /* Recipes-Malformed.json */,
			);
			path = JSON;
			sourceTree = "<group>";
		};
		FEA74D7F2D592B1A0052C32D /* Image */ = {
			isa = PBXGroup;
			children = (
				FEA74D802D592B470052C32D /* image.jpg */,
			);
			path = Image;
			sourceTree = "<group>";
		};
		FEE1B4632D543EAF00ABFA0C = {
			isa = PBXGroup;
			children = (
				FEE1B54B2D56DC9300ABFA0C /* FetchRecipes */,
				FEE1B55A2D56DCA300ABFA0C /* FetchRecipesTests */,
				FEE1B46D2D543EAF00ABFA0C /* Products */,
			);
			sourceTree = "<group>";
		};
		FEE1B46D2D543EAF00ABFA0C /* Products */ = {
			isa = PBXGroup;
			children = (
				FEE1B46C2D543EAF00ABFA0C /* FetchRecipes.app */,
				FEE1B47C2D543EB100ABFA0C /* FetchRecipesTests.xctest */,
			);
			name = Products;
			sourceTree = "<group>";
		};
		FEE1B5392D56DC9300ABFA0C /* API */ = {
			isa = PBXGroup;
			children = (
				FEE1B5382D56DC9300ABFA0C /* APIService.swift */,
				FEE1B5372D56DC9300ABFA0C /* APIError.swift */,
			);
			path = API;
			sourceTree = "<group>";
		};
		FEE1B53B2D56DC9300ABFA0C /* Model */ = {
			isa = PBXGroup;
			children = (
				FEE1B53A2D56DC9300ABFA0C /* Recipes.swift */,
			);
			path = Model;
			sourceTree = "<group>";
		};
		FEE1B53E2D56DC9300ABFA0C /* Other */ = {
			isa = PBXGroup;
			children = (
				FEE1B53C2D56DC9300ABFA0C /* Constant.swift */,
				FEE1B53D2D56DC9300ABFA0C /* Extensions.swift */,
			);
			path = Other;
			sourceTree = "<group>";
		};
		FEE1B5402D56DC9300ABFA0C /* Preview Content */ = {
			isa = PBXGroup;
			children = (
				FEE1B53F2D56DC9300ABFA0C /* Preview Assets.xcassets */,
			);
			path = "Preview Content";
			sourceTree = "<group>";
		};
		FEE1B5422D56DC9300ABFA0C /* Image */ = {
			isa = PBXGroup;
			children = (
				FEE1B5412D56DC9300ABFA0C /* ImageCache.swift */,
			);
			path = Image;
			sourceTree = "<group>";
		};
		FEE1B5452D56DC9300ABFA0C /* View */ = {
			isa = PBXGroup;
			children = (
				FEE1B5422D56DC9300ABFA0C /* Image */,
				FEE1B5432D56DC9300ABFA0C /* RecipesListView.swift */,
				FEE1B5442D56DC9300ABFA0C /* RecipeView.swift */,
			);
			path = View;
			sourceTree = "<group>";
		};
		FEE1B5482D56DC9300ABFA0C /* ViewModel */ = {
			isa = PBXGroup;
			children = (
				FEE1B5762D58096100ABFA0C /* Recipes.json */,
				FEE1B5462D56DC9300ABFA0C /* RecipesListViewModel.swift */,
				FEE1B5472D56DC9300ABFA0C /* RecipeViewModel.swift */,
			);
			path = ViewModel;
			sourceTree = "<group>";
		};
		FEE1B54B2D56DC9300ABFA0C /* FetchRecipes */ = {
			isa = PBXGroup;
			children = (
				FEA74D7E2D584BBE0052C32D /* Info.plist */,
				FEE1B5392D56DC9300ABFA0C /* API */,
				FEE1B53E2D56DC9300ABFA0C /* Other */,
				FEE1B5632D56EA2300ABFA0C /* RecipeList */,
				FEE1B5402D56DC9300ABFA0C /* Preview Content */,
				FEE1B54A2D56DC9300ABFA0C /* FetchRecipesApp.swift */,
				FEE1B5492D56DC9300ABFA0C /* Assets.xcassets */,
			);
			path = FetchRecipes;
			sourceTree = "<group>";
		};
		FEE1B55A2D56DCA300ABFA0C /* FetchRecipesTests */ = {
			isa = PBXGroup;
			children = (
				FEE1B5782D581B1800ABFA0C /* Resources */,
				FEE1B5652D57C1C100ABFA0C /* MockRecipeService.swift */,
				FEE1B56A2D57C3EB00ABFA0C /* RecipesListViewModelTests.swift */,
				FEA74D7C2D5835220052C32D /* RecipeViewModelTests.swift */,
			);
			path = FetchRecipesTests;
			sourceTree = "<group>";
		};
		FEE1B5632D56EA2300ABFA0C /* RecipeList */ = {
			isa = PBXGroup;
			children = (
				FEE1B5642D56EA8B00ABFA0C /* Service */,
				FEE1B53B2D56DC9300ABFA0C /* Model */,
				FEE1B5452D56DC9300ABFA0C /* View */,
				FEE1B5482D56DC9300ABFA0C /* ViewModel */,
			);
			path = RecipeList;
			sourceTree = "<group>";
		};
		FEE1B5642D56EA8B00ABFA0C /* Service */ = {
			isa = PBXGroup;
			children = (
				FEE1B5612D56E62B00ABFA0C /* RecipeService.swift */,
			);
			path = Service;
			sourceTree = "<group>";
		};
		FEE1B5782D581B1800ABFA0C /* Resources */ = {
			isa = PBXGroup;
			children = (
				FEA74D7F2D592B1A0052C32D /* Image */,
				FEA74D7B2D5834AF0052C32D /* JSON */,
			);
			path = Resources;
			sourceTree = "<group>";
		};
/* End PBXGroup section */

/* Begin PBXNativeTarget section */
		FEE1B46B2D543EAF00ABFA0C /* FetchRecipes */ = {
			isa = PBXNativeTarget;
			buildConfigurationList = FEE1B4902D543EB200ABFA0C /* Build configuration list for PBXNativeTarget "FetchRecipes" */;
			buildPhases = (
				FEE1B4682D543EAF00ABFA0C /* Sources */,
				FEE1B4692D543EAF00ABFA0C /* Frameworks */,
				FEE1B46A2D543EAF00ABFA0C /* Resources */,
			);
			buildRules = (
			);
			dependencies = (
			);
			name = FetchRecipes;
			packageProductDependencies = (
			);
			productName = FetchRecipes;
			productReference = FEE1B46C2D543EAF00ABFA0C /* FetchRecipes.app */;
			productType = "com.apple.product-type.application";
		};
		FEE1B47B2D543EB100ABFA0C /* FetchRecipesTests */ = {
			isa = PBXNativeTarget;
			buildConfigurationList = FEE1B4932D543EB200ABFA0C /* Build configuration list for PBXNativeTarget "FetchRecipesTests" */;
			buildPhases = (
				FEE1B4782D543EB100ABFA0C /* Sources */,
				FEE1B4792D543EB100ABFA0C /* Frameworks */,
				FEE1B47A2D543EB100ABFA0C /* Resources */,
			);
			buildRules = (
			);
			dependencies = (
				FEE1B47E2D543EB100ABFA0C /* PBXTargetDependency */,
			);
			name = FetchRecipesTests;
			packageProductDependencies = (
			);
			productName = FetchRecipesTests;
			productReference = FEE1B47C2D543EB100ABFA0C /* FetchRecipesTests.xctest */;
			productType = "com.apple.product-type.bundle.unit-test";
		};
/* End PBXNativeTarget section */

/* Begin PBXProject section */
		FEE1B4642D543EAF00ABFA0C /* Project object */ = {
			isa = PBXProject;
			attributes = {
				BuildIndependentTargetsInParallel = 1;
				LastSwiftUpdateCheck = 1620;
				LastUpgradeCheck = 1620;
				TargetAttributes = {
					FEE1B46B2D543EAF00ABFA0C = {
						CreatedOnToolsVersion = 16.2;
					};
					FEE1B47B2D543EB100ABFA0C = {
						CreatedOnToolsVersion = 16.2;
						TestTargetID = FEE1B46B2D543EAF00ABFA0C;
					};
				};
			};
			buildConfigurationList = FEE1B4672D543EAF00ABFA0C /* Build configuration list for PBXProject "FetchRecipes" */;
			developmentRegion = en;
			hasScannedForEncodings = 0;
			knownRegions = (
				en,
				Base,
			);
			mainGroup = FEE1B4632D543EAF00ABFA0C;
			minimizedProjectReferenceProxies = 1;
			preferredProjectObjectVersion = 77;
			productRefGroup = FEE1B46D2D543EAF00ABFA0C /* Products */;
			projectDirPath = "";
			projectRoot = "";
			targets = (
				FEE1B46B2D543EAF00ABFA0C /* FetchRecipes */,
				FEE1B47B2D543EB100ABFA0C /* FetchRecipesTests */,
			);
		};
/* End PBXProject section */

/* Begin PBXResourcesBuildPhase section */
		FEE1B46A2D543EAF00ABFA0C /* Resources */ = {
			isa = PBXResourcesBuildPhase;
			buildActionMask = 2147483647;
			files = (
				FEE1B54C2D56DC9300ABFA0C /* Preview Assets.xcassets in Resources */,
				FEE1B5772D58096100ABFA0C /* Recipes.json in Resources */,
				FEE1B54D2D56DC9300ABFA0C /* Assets.xcassets in Resources */,
			);
			runOnlyForDeploymentPostprocessing = 0;
		};
		FEE1B47A2D543EB100ABFA0C /* Resources */ = {
			isa = PBXResourcesBuildPhase;
			buildActionMask = 2147483647;
			files = (
				FEE1B5732D57EC8F00ABFA0C /* Recipes.json in Resources */,
				FEE1B5742D57EC8F00ABFA0C /* Recipes-Empty.json in Resources */,
				FEE1B5752D57EC8F00ABFA0C /* Recipes-Malformed.json in Resources */,
				FEA74D812D592B480052C32D /* image.jpg in Resources */,
			);
			runOnlyForDeploymentPostprocessing = 0;
		};
/* End PBXResourcesBuildPhase section */

/* Begin PBXSourcesBuildPhase section */
		FEE1B4682D543EAF00ABFA0C /* Sources */ = {
			isa = PBXSourcesBuildPhase;
			buildActionMask = 2147483647;
			files = (
				FEE1B54E2D56DC9300ABFA0C /* APIError.swift in Sources */,
				FEE1B54F2D56DC9300ABFA0C /* APIService.swift in Sources */,
				FEE1B5502D56DC9300ABFA0C /* Recipes.swift in Sources */,
				FEE1B5512D56DC9300ABFA0C /* Constant.swift in Sources */,
				FEE1B5522D56DC9300ABFA0C /* Extensions.swift in Sources */,
				FEE1B5532D56DC9300ABFA0C /* ImageCache.swift in Sources */,
				FEE1B5542D56DC9300ABFA0C /* RecipesListView.swift in Sources */,
				FEE1B5622D56E63500ABFA0C /* RecipeService.swift in Sources */,
				FEE1B5552D56DC9300ABFA0C /* RecipeView.swift in Sources */,
				FEE1B5562D56DC9300ABFA0C /* RecipesListViewModel.swift in Sources */,
				FEE1B5572D56DC9300ABFA0C /* RecipeViewModel.swift in Sources */,
				FEE1B5582D56DC9300ABFA0C /* FetchRecipesApp.swift in Sources */,
			);
			runOnlyForDeploymentPostprocessing = 0;
		};
		FEE1B4782D543EB100ABFA0C /* Sources */ = {
			isa = PBXSourcesBuildPhase;
			buildActionMask = 2147483647;
			files = (
				FEE1B56B2D57C3FD00ABFA0C /* RecipesListViewModelTests.swift in Sources */,
				FEA74D7D2D5835300052C32D /* RecipeViewModelTests.swift in Sources */,
				FEE1B5662D57C1D200ABFA0C /* MockRecipeService.swift in Sources */,
			);
			runOnlyForDeploymentPostprocessing = 0;
		};
/* End PBXSourcesBuildPhase section */

/* Begin PBXTargetDependency section */
		FEE1B47E2D543EB100ABFA0C /* PBXTargetDependency */ = {
			isa = PBXTargetDependency;
			target = FEE1B46B2D543EAF00ABFA0C /* FetchRecipes */;
			targetProxy = FEE1B47D2D543EB100ABFA0C /* PBXContainerItemProxy */;
		};
/* End PBXTargetDependency section */

/* Begin XCBuildConfiguration section */
		FEE1B48E2D543EB200ABFA0C /* Debug */ = {
			isa = XCBuildConfiguration;
			buildSettings = {
				ALWAYS_SEARCH_USER_PATHS = NO;
				ASSETCATALOG_COMPILER_GENERATE_SWIFT_ASSET_SYMBOL_EXTENSIONS = YES;
				CLANG_ANALYZER_NONNULL = YES;
				CLANG_ANALYZER_NUMBER_OBJECT_CONVERSION = YES_AGGRESSIVE;
				CLANG_CXX_LANGUAGE_STANDARD = "gnu++20";
				CLANG_ENABLE_MODULES = YES;
				CLANG_ENABLE_OBJC_ARC = YES;
				CLANG_ENABLE_OBJC_WEAK = YES;
				CLANG_WARN_BLOCK_CAPTURE_AUTORELEASING = YES;
				CLANG_WARN_BOOL_CONVERSION = YES;
				CLANG_WARN_COMMA = YES;
				CLANG_WARN_CONSTANT_CONVERSION = YES;
				CLANG_WARN_DEPRECATED_OBJC_IMPLEMENTATIONS = YES;
				CLANG_WARN_DIRECT_OBJC_ISA_USAGE = YES_ERROR;
				CLANG_WARN_DOCUMENTATION_COMMENTS = YES;
				CLANG_WARN_EMPTY_BODY = YES;
				CLANG_WARN_ENUM_CONVERSION = YES;
				CLANG_WARN_INFINITE_RECURSION = YES;
				CLANG_WARN_INT_CONVERSION = YES;
				CLANG_WARN_NON_LITERAL_NULL_CONVERSION = YES;
				CLANG_WARN_OBJC_IMPLICIT_RETAIN_SELF = YES;
				CLANG_WARN_OBJC_LITERAL_CONVERSION = YES;
				CLANG_WARN_OBJC_ROOT_CLASS = YES_ERROR;
				CLANG_WARN_QUOTED_INCLUDE_IN_FRAMEWORK_HEADER = YES;
				CLANG_WARN_RANGE_LOOP_ANALYSIS = YES;
				CLANG_WARN_STRICT_PROTOTYPES = YES;
				CLANG_WARN_SUSPICIOUS_MOVE = YES;
				CLANG_WARN_UNGUARDED_AVAILABILITY = YES_AGGRESSIVE;
				CLANG_WARN_UNREACHABLE_CODE = YES;
				CLANG_WARN__DUPLICATE_METHOD_MATCH = YES;
				COPY_PHASE_STRIP = NO;
				DEBUG_INFORMATION_FORMAT = dwarf;
				ENABLE_STRICT_OBJC_MSGSEND = YES;
				ENABLE_TESTABILITY = YES;
				ENABLE_USER_SCRIPT_SANDBOXING = YES;
				GCC_C_LANGUAGE_STANDARD = gnu17;
				GCC_DYNAMIC_NO_PIC = NO;
				GCC_NO_COMMON_BLOCKS = YES;
				GCC_OPTIMIZATION_LEVEL = 0;
				GCC_PREPROCESSOR_DEFINITIONS = (
					"DEBUG=1",
					"$(inherited)",
				);
				GCC_WARN_64_TO_32_BIT_CONVERSION = YES;
				GCC_WARN_ABOUT_RETURN_TYPE = YES_ERROR;
				GCC_WARN_UNDECLARED_SELECTOR = YES;
				GCC_WARN_UNINITIALIZED_AUTOS = YES_AGGRESSIVE;
				GCC_WARN_UNUSED_FUNCTION = YES;
				GCC_WARN_UNUSED_VARIABLE = YES;
				IPHONEOS_DEPLOYMENT_TARGET = 18.2;
				LOCALIZATION_PREFERS_STRING_CATALOGS = YES;
				MTL_ENABLE_DEBUG_INFO = INCLUDE_SOURCE;
				MTL_FAST_MATH = YES;
				ONLY_ACTIVE_ARCH = YES;
				SDKROOT = iphoneos;
				SWIFT_ACTIVE_COMPILATION_CONDITIONS = "DEBUG $(inherited)";
				SWIFT_OPTIMIZATION_LEVEL = "-Onone";
			};
			name = Debug;
		};
		FEE1B48F2D543EB200ABFA0C /* Release */ = {
			isa = XCBuildConfiguration;
			buildSettings = {
				ALWAYS_SEARCH_USER_PATHS = NO;
				ASSETCATALOG_COMPILER_GENERATE_SWIFT_ASSET_SYMBOL_EXTENSIONS = YES;
				CLANG_ANALYZER_NONNULL = YES;
				CLANG_ANALYZER_NUMBER_OBJECT_CONVERSION = YES_AGGRESSIVE;
				CLANG_CXX_LANGUAGE_STANDARD = "gnu++20";
				CLANG_ENABLE_MODULES = YES;
				CLANG_ENABLE_OBJC_ARC = YES;
				CLANG_ENABLE_OBJC_WEAK = YES;
				CLANG_WARN_BLOCK_CAPTURE_AUTORELEASING = YES;
				CLANG_WARN_BOOL_CONVERSION = YES;
				CLANG_WARN_COMMA = YES;
				CLANG_WARN_CONSTANT_CONVERSION = YES;
				CLANG_WARN_DEPRECATED_OBJC_IMPLEMENTATIONS = YES;
				CLANG_WARN_DIRECT_OBJC_ISA_USAGE = YES_ERROR;
				CLANG_WARN_DOCUMENTATION_COMMENTS = YES;
				CLANG_WARN_EMPTY_BODY = YES;
				CLANG_WARN_ENUM_CONVERSION = YES;
				CLANG_WARN_INFINITE_RECURSION = YES;
				CLANG_WARN_INT_CONVERSION = YES;
				CLANG_WARN_NON_LITERAL_NULL_CONVERSION = YES;
				CLANG_WARN_OBJC_IMPLICIT_RETAIN_SELF = YES;
				CLANG_WARN_OBJC_LITERAL_CONVERSION = YES;
				CLANG_WARN_OBJC_ROOT_CLASS = YES_ERROR;
				CLANG_WARN_QUOTED_INCLUDE_IN_FRAMEWORK_HEADER = YES;
				CLANG_WARN_RANGE_LOOP_ANALYSIS = YES;
				CLANG_WARN_STRICT_PROTOTYPES = YES;
				CLANG_WARN_SUSPICIOUS_MOVE = YES;
				CLANG_WARN_UNGUARDED_AVAILABILITY = YES_AGGRESSIVE;
				CLANG_WARN_UNREACHABLE_CODE = YES;
				CLANG_WARN__DUPLICATE_METHOD_MATCH = YES;
				COPY_PHASE_STRIP = NO;
				DEBUG_INFORMATION_FORMAT = "dwarf-with-dsym";
				ENABLE_NS_ASSERTIONS = NO;
				ENABLE_STRICT_OBJC_MSGSEND = YES;
				ENABLE_USER_SCRIPT_SANDBOXING = YES;
				GCC_C_LANGUAGE_STANDARD = gnu17;
				GCC_NO_COMMON_BLOCKS = YES;
				GCC_WARN_64_TO_32_BIT_CONVERSION = YES;
				GCC_WARN_ABOUT_RETURN_TYPE = YES_ERROR;
				GCC_WARN_UNDECLARED_SELECTOR = YES;
				GCC_WARN_UNINITIALIZED_AUTOS = YES_AGGRESSIVE;
				GCC_WARN_UNUSED_FUNCTION = YES;
				GCC_WARN_UNUSED_VARIABLE = YES;
				IPHONEOS_DEPLOYMENT_TARGET = 18.2;
				LOCALIZATION_PREFERS_STRING_CATALOGS = YES;
				MTL_ENABLE_DEBUG_INFO = NO;
				MTL_FAST_MATH = YES;
				SDKROOT = iphoneos;
				SWIFT_COMPILATION_MODE = wholemodule;
				VALIDATE_PRODUCT = YES;
			};
			name = Release;
		};
		FEE1B4912D543EB200ABFA0C /* Debug */ = {
			isa = XCBuildConfiguration;
			buildSettings = {
				ASSETCATALOG_COMPILER_APPICON_NAME = AppIcon;
				ASSETCATALOG_COMPILER_GLOBAL_ACCENT_COLOR_NAME = AccentColor;
				CODE_SIGN_STYLE = Automatic;
				CURRENT_PROJECT_VERSION = 1;
				DEVELOPMENT_ASSET_PATHS = "\"FetchRecipes/Preview Content\"";
				DEVELOPMENT_TEAM = NJVB322UA6;
				ENABLE_PREVIEWS = YES;
				GENERATE_INFOPLIST_FILE = YES;
				INFOPLIST_FILE = FetchRecipes/Info.plist;
				INFOPLIST_KEY_CFBundleDisplayName = Recipes;
				INFOPLIST_KEY_LSApplicationCategoryType = "public.app-category.food-and-drink";
				INFOPLIST_KEY_UIApplicationSceneManifest_Generation = YES;
				INFOPLIST_KEY_UIApplicationSupportsIndirectInputEvents = YES;
				INFOPLIST_KEY_UILaunchScreen_Generation = YES;
				INFOPLIST_KEY_UISupportedInterfaceOrientations = "UIInterfaceOrientationLandscapeLeft UIInterfaceOrientationLandscapeRight UIInterfaceOrientationPortrait UIInterfaceOrientationPortraitUpsideDown";
				IPHONEOS_DEPLOYMENT_TARGET = 16;
				LD_RUNPATH_SEARCH_PATHS = (
					"$(inherited)",
					"@executable_path/Frameworks",
				);
				MARKETING_VERSION = 1.0;
				PRODUCT_BUNDLE_IDENTIFIER = com.prashuk.FetchRecipes;
				PRODUCT_NAME = "$(TARGET_NAME)";
				SWIFT_EMIT_LOC_STRINGS = YES;
				SWIFT_VERSION = 5.0;
				TARGETED_DEVICE_FAMILY = "1,2";
			};
			name = Debug;
		};
		FEE1B4922D543EB200ABFA0C /* Release */ = {
			isa = XCBuildConfiguration;
			buildSettings = {
				ASSETCATALOG_COMPILER_APPICON_NAME = AppIcon;
				ASSETCATALOG_COMPILER_GLOBAL_ACCENT_COLOR_NAME = AccentColor;
				CODE_SIGN_STYLE = Automatic;
				CURRENT_PROJECT_VERSION = 1;
				DEVELOPMENT_ASSET_PATHS = "\"FetchRecipes/Preview Content\"";
				DEVELOPMENT_TEAM = NJVB322UA6;
				ENABLE_PREVIEWS = YES;
				GENERATE_INFOPLIST_FILE = YES;
				INFOPLIST_FILE = FetchRecipes/Info.plist;
				INFOPLIST_KEY_CFBundleDisplayName = Recipes;
				INFOPLIST_KEY_LSApplicationCategoryType = "public.app-category.food-and-drink";
				INFOPLIST_KEY_UIApplicationSceneManifest_Generation = YES;
				INFOPLIST_KEY_UIApplicationSupportsIndirectInputEvents = YES;
				INFOPLIST_KEY_UILaunchScreen_Generation = YES;
				INFOPLIST_KEY_UISupportedInterfaceOrientations = "UIInterfaceOrientationLandscapeLeft UIInterfaceOrientationLandscapeRight UIInterfaceOrientationPortrait UIInterfaceOrientationPortraitUpsideDown";
				IPHONEOS_DEPLOYMENT_TARGET = 16;
				LD_RUNPATH_SEARCH_PATHS = (
					"$(inherited)",
					"@executable_path/Frameworks",
				);
				MARKETING_VERSION = 1.0;
				PRODUCT_BUNDLE_IDENTIFIER = com.prashuk.FetchRecipes;
				PRODUCT_NAME = "$(TARGET_NAME)";
				SWIFT_EMIT_LOC_STRINGS = YES;
				SWIFT_VERSION = 5.0;
				TARGETED_DEVICE_FAMILY = "1,2";
			};
			name = Release;
		};
		FEE1B4942D543EB200ABFA0C /* Debug */ = {
			isa = XCBuildConfiguration;
			buildSettings = {
				BUNDLE_LOADER = "$(TEST_HOST)";
				CODE_SIGN_STYLE = Automatic;
				CURRENT_PROJECT_VERSION = 1;
				DEVELOPMENT_TEAM = NJVB322UA6;
				GENERATE_INFOPLIST_FILE = YES;
				IPHONEOS_DEPLOYMENT_TARGET = 18.2;
				MARKETING_VERSION = 1.0;
				PRODUCT_BUNDLE_IDENTIFIER = com.prashuk.FetchRecipesTests;
				PRODUCT_NAME = "$(TARGET_NAME)";
				SWIFT_EMIT_LOC_STRINGS = NO;
				SWIFT_VERSION = 5.0;
				TARGETED_DEVICE_FAMILY = "1,2";
				TEST_HOST = "$(BUILT_PRODUCTS_DIR)/FetchRecipes.app/$(BUNDLE_EXECUTABLE_FOLDER_PATH)/FetchRecipes";
			};
			name = Debug;
		};
		FEE1B4952D543EB200ABFA0C /* Release */ = {
			isa = XCBuildConfiguration;
			buildSettings = {
				BUNDLE_LOADER = "$(TEST_HOST)";
				CODE_SIGN_STYLE = Automatic;
				CURRENT_PROJECT_VERSION = 1;
				DEVELOPMENT_TEAM = NJVB322UA6;
				GENERATE_INFOPLIST_FILE = YES;
				IPHONEOS_DEPLOYMENT_TARGET = 18.2;
				MARKETING_VERSION = 1.0;
				PRODUCT_BUNDLE_IDENTIFIER = com.prashuk.FetchRecipesTests;
				PRODUCT_NAME = "$(TARGET_NAME)";
				SWIFT_EMIT_LOC_STRINGS = NO;
				SWIFT_VERSION = 5.0;
				TARGETED_DEVICE_FAMILY = "1,2";
				TEST_HOST = "$(BUILT_PRODUCTS_DIR)/FetchRecipes.app/$(BUNDLE_EXECUTABLE_FOLDER_PATH)/FetchRecipes";
			};
			name = Release;
		};
/* End XCBuildConfiguration section */

/* Begin XCConfigurationList section */
		FEE1B4672D543EAF00ABFA0C /* Build configuration list for PBXProject "FetchRecipes" */ = {
			isa = XCConfigurationList;
			buildConfigurations = (
				FEE1B48E2D543EB200ABFA0C /* Debug */,
				FEE1B48F2D543EB200ABFA0C /* Release */,
			);
			defaultConfigurationIsVisible = 0;
			defaultConfigurationName = Release;
		};
		FEE1B4902D543EB200ABFA0C /* Build configuration list for PBXNativeTarget "FetchRecipes" */ = {
			isa = XCConfigurationList;
			buildConfigurations = (
				FEE1B4912D543EB200ABFA0C /* Debug */,
				FEE1B4922D543EB200ABFA0C /* Release */,
			);
			defaultConfigurationIsVisible = 0;
			defaultConfigurationName = Release;
		};
		FEE1B4932D543EB200ABFA0C /* Build configuration list for PBXNativeTarget "FetchRecipesTests" */ = {
			isa = XCConfigurationList;
			buildConfigurations = (
				FEE1B4942D543EB200ABFA0C /* Debug */,
				FEE1B4952D543EB200ABFA0C /* Release */,
			);
			defaultConfigurationIsVisible = 0;
			defaultConfigurationName = Release;
		};
/* End XCConfigurationList section */
	};
	rootObject = FEE1B4642D543EAF00ABFA0C /* Project object */;
}
